
Microsoft Visual Studio Solution File, Format Version 12.00
# Visual Studio Version 16
VisualStudioVersion = 16.0.29926.136
MinimumVisualStudioVersion = 10.0.40219.1
Project("{FAE04EC0-301F-11D3-BF4B-00C04F79EFBC}") = "ALoha", "ALoha.csproj", "{FDA1A630-F45E-4E36-AB62-86D5D6DC617B}"
EndProject
Global
	GlobalSection(SolutionConfigurationPlatforms) = preSolution
		Debug|Any CPU = Debug|Any CPU
		Release|Any CPU = Release|Any CPU
	EndGlobalSection
	GlobalSection(ProjectConfigurationPlatforms) = postSolution
		{FDA1A630-F45E-4E36-AB62-86D5D6DC617B}.Debug|Any CPU.ActiveCfg = Debug|Any CPU
		{FDA1A630-F45E-4E36-AB62-86D5D6DC617B}.Debug|Any CPU.Build.0 = Debug|Any CPU
		{FDA1A630-F45E-4E36-AB62-86D5D6DC617B}.Release|Any CPU.ActiveCfg = Release|Any CPU
		{FDA1A630-F45E-4E36-AB62-86D5D6DC617B}.Release|Any CPU.Build.0 = Release|Any CPU
	EndGlobalSection
	GlobalSection(SolutionProperties) = preSolution
		HideSolutionNode = FALSE
	EndGlobalSection
	GlobalSection(ExtensibilityGlobals) = postSolution
		SolutionGuid = {CE37ADA0-3F8A-46CE-BCCD-DDD84D8214C3}
	EndGlobalSection
EndGlobal
